
Microsoft Visual Studio Solution File, Format Version 12.00
# Visual Studio Version 17
VisualStudioVersion = 17.2.32414.248
MinimumVisualStudioVersion = 10.0.40219.1
Project("{9A19103F-16F7-4668-BE54-9A1E7A4F7556}") = "DevConsole", "DevConsole\DevConsole.csproj", "{CB686B7F-932D-4497-A7A5-3D0031FE9BDC}"
EndProject
Project("{2150E333-8FDC-42A3-9474-1A3956D46DE8}") = "Lib", "Lib", "{28A63668-92E2-472A-BC61-14DF2941B5F4}"
EndProject
Project("{9A19103F-16F7-4668-BE54-9A1E7A4F7556}") = "Rn.NetCore.Metrics.Rabbit", "Rn.NetCore.Metrics.Rabbit\Rn.NetCore.Metrics.Rabbit.csproj", "{6D47280B-9275-42A9-B9E8-D3B0AC4987C6}"
EndProject
Project("{2150E333-8FDC-42A3-9474-1A3956D46DE8}") = "Tests", "Tests", "{B7B0830D-C93F-4721-AD27-8C89344EE0A9}"
EndProject
Project("{9A19103F-16F7-4668-BE54-9A1E7A4F7556}") = "Rn.NetCore.Metrics.Rabbit.T1.Tests", "..\tests\Rn.NetCore.Metrics.Rabbit.T1.Tests\Rn.NetCore.Metrics.Rabbit.T1.Tests.csproj", "{3DDB3EA5-EF2D-422B-BBF3-3A3F60E061FA}"
EndProject
Global
	GlobalSection(SolutionConfigurationPlatforms) = preSolution
		Debug|Any CPU = Debug|Any CPU
		Release|Any CPU = Release|Any CPU
	EndGlobalSection
	GlobalSection(ProjectConfigurationPlatforms) = postSolution
		{CB686B7F-932D-4497-A7A5-3D0031FE9BDC}.Debug|Any CPU.ActiveCfg = Debug|Any CPU
		{CB686B7F-932D-4497-A7A5-3D0031FE9BDC}.Debug|Any CPU.Build.0 = Debug|Any CPU
		{CB686B7F-932D-4497-A7A5-3D0031FE9BDC}.Release|Any CPU.ActiveCfg = Release|Any CPU
		{CB686B7F-932D-4497-A7A5-3D0031FE9BDC}.Release|Any CPU.Build.0 = Release|Any CPU
		{6D47280B-9275-42A9-B9E8-D3B0AC4987C6}.Debug|Any CPU.ActiveCfg = Debug|Any CPU
		{6D47280B-9275-42A9-B9E8-D3B0AC4987C6}.Debug|Any CPU.Build.0 = Debug|Any CPU
		{6D47280B-9275-42A9-B9E8-D3B0AC4987C6}.Release|Any CPU.ActiveCfg = Release|Any CPU
		{6D47280B-9275-42A9-B9E8-D3B0AC4987C6}.Release|Any CPU.Build.0 = Release|Any CPU
		{3DDB3EA5-EF2D-422B-BBF3-3A3F60E061FA}.Debug|Any CPU.ActiveCfg = Debug|Any CPU
		{3DDB3EA5-EF2D-422B-BBF3-3A3F60E061FA}.Debug|Any CPU.Build.0 = Debug|Any CPU
		{3DDB3EA5-EF2D-422B-BBF3-3A3F60E061FA}.Release|Any CPU.ActiveCfg = Release|Any CPU
		{3DDB3EA5-EF2D-422B-BBF3-3A3F60E061FA}.Release|Any CPU.Build.0 = Release|Any CPU
	EndGlobalSection
	GlobalSection(SolutionProperties) = preSolution
		HideSolutionNode = FALSE
	EndGlobalSection
	GlobalSection(NestedProjects) = preSolution
		{6D47280B-9275-42A9-B9E8-D3B0AC4987C6} = {28A63668-92E2-472A-BC61-14DF2941B5F4}
		{3DDB3EA5-EF2D-422B-BBF3-3A3F60E061FA} = {B7B0830D-C93F-4721-AD27-8C89344EE0A9}
	EndGlobalSection
	GlobalSection(ExtensibilityGlobals) = postSolution
		SolutionGuid = {3DDD2D7A-577F-404C-8A03-B9BAC32B80ED}
	EndGlobalSection
EndGlobal
